
Microsoft Visual Studio Solution File, Format Version 12.00
# Visual Studio Version 17
VisualStudioVersion = 17.9.34701.34
MinimumVisualStudioVersion = 10.0.40219.1
Project("{FAE04EC0-301F-11D3-BF4B-00C04F79EFBC}") = "DesafioPratico1", "DesafioPratico1\DesafioPratico1.csproj", "{43029CA7-084E-4CD2-821A-B6B2A75E35EC}"
EndProject
Global
	GlobalSection(SolutionConfigurationPlatforms) = preSolution
		Debug|Any CPU = Debug|Any CPU
		Release|Any CPU = Release|Any CPU
	EndGlobalSection
	GlobalSection(ProjectConfigurationPlatforms) = postSolution
		{43029CA7-084E-4CD2-821A-B6B2A75E35EC}.Debug|Any CPU.ActiveCfg = Debug|Any CPU
		{43029CA7-084E-4CD2-821A-B6B2A75E35EC}.Debug|Any CPU.Build.0 = Debug|Any CPU
		{43029CA7-084E-4CD2-821A-B6B2A75E35EC}.Release|Any CPU.ActiveCfg = Release|Any CPU
		{43029CA7-084E-4CD2-821A-B6B2A75E35EC}.Release|Any CPU.Build.0 = Release|Any CPU
	EndGlobalSection
	GlobalSection(SolutionProperties) = preSolution
		HideSolutionNode = FALSE
	EndGlobalSection
	GlobalSection(ExtensibilityGlobals) = postSolution
		SolutionGuid = {AD1C93F4-E339-4040-AECA-9031F308E45C}
	EndGlobalSection
EndGlobal
